// !$*UTF8*$!
{
	archiveVersion = 1;
	classes = {
	};
	objectVersion = 55;
	objects = {

/* Begin PBXBuildFile section */
		0410BFF027B3CC4A00D6E33B /* StacksBootcamp.swift in Sources */ = {isa = PBXBuildFile; fileRef = 0410BFEF27B3CC4A00D6E33B /* StacksBootcamp.swift */; };
		0410BFF227B3D75D00D6E33B /* InitializerBootcamp.swift in Sources */ = {isa = PBXBuildFile; fileRef = 0410BFF127B3D75D00D6E33B /* InitializerBootcamp.swift */; };
		04213ED327B272D3005706B3 /* ShapesBootcamp.swift in Sources */ = {isa = PBXBuildFile; fileRef = 04213ED227B272D3005706B3 /* ShapesBootcamp.swift */; };
		04213ED527B275AF005706B3 /* ColorsBootcamp.swift in Sources */ = {isa = PBXBuildFile; fileRef = 04213ED427B275AF005706B3 /* ColorsBootcamp.swift */; };
		04213ED727B27A63005706B3 /* GradientsBootcamp.swift in Sources */ = {isa = PBXBuildFile; fileRef = 04213ED627B27A63005706B3 /* GradientsBootcamp.swift */; };
		04213ED927B28016005706B3 /* IconsBootcamp.swift in Sources */ = {isa = PBXBuildFile; fileRef = 04213ED827B28016005706B3 /* IconsBootcamp.swift */; };
		04213EDB27B281D8005706B3 /* ImageBootcamp.swift in Sources */ = {isa = PBXBuildFile; fileRef = 04213EDA27B281D8005706B3 /* ImageBootcamp.swift */; };
		04213EDD27B284ED005706B3 /* Background&OverlayBootcamps.swift in Sources */ = {isa = PBXBuildFile; fileRef = 04213EDC27B284ED005706B3 /* Background&OverlayBootcamps.swift */; };
		0436380F27BE629F00677BB8 /* EnvironmentObjectBootcamp.swift in Sources */ = {isa = PBXBuildFile; fileRef = 0436380E27BE629F00677BB8 /* EnvironmentObjectBootcamp.swift */; };
		0436381127BE6F5200677BB8 /* AppStorageBootcamp.swift in Sources */ = {isa = PBXBuildFile; fileRef = 0436381027BE6F5200677BB8 /* AppStorageBootcamp.swift */; };
		0436381427BE862D00677BB8 /* IntroView.swift in Sources */ = {isa = PBXBuildFile; fileRef = 0436381327BE862D00677BB8 /* IntroView.swift */; };
		0436381627BE87BA00677BB8 /* OnboardingView.swift in Sources */ = {isa = PBXBuildFile; fileRef = 0436381527BE87BA00677BB8 /* OnboardingView.swift */; };
		0436381827BE87C200677BB8 /* ProfileView.swift in Sources */ = {isa = PBXBuildFile; fileRef = 0436381727BE87C200677BB8 /* ProfileView.swift */; };
		043ED94427C4EAF900F0855F /* LongPressGestureBootcamp.swift in Sources */ = {isa = PBXBuildFile; fileRef = 043ED94327C4EAF900F0855F /* LongPressGestureBootcamp.swift */; };
		043ED94627C4F5CB00F0855F /* MagnificationGestureBootcamp.swift in Sources */ = {isa = PBXBuildFile; fileRef = 043ED94527C4F5CA00F0855F /* MagnificationGestureBootcamp.swift */; };
		0498360427CA2F3E00E69349 /* ScrollViewReaderBootcamp.swift in Sources */ = {isa = PBXBuildFile; fileRef = 0498360327CA2F3E00E69349 /* ScrollViewReaderBootcamp.swift */; };
		0498360627CA353800E69349 /* GeometryReaderBootcamp.swift in Sources */ = {isa = PBXBuildFile; fileRef = 0498360527CA353800E69349 /* GeometryReaderBootcamp.swift */; };
		0498360827CA411E00E69349 /* MultipleSheetsBootcamp.swift in Sources */ = {isa = PBXBuildFile; fileRef = 0498360727CA411E00E69349 /* MultipleSheetsBootcamp.swift */; };
		0498360A27CA4A1F00E69349 /* maskBootcamp.swift in Sources */ = {isa = PBXBuildFile; fileRef = 0498360927CA4A1F00E69349 /* maskBootcamp.swift */; };
		0498360C27CA509800E69349 /* SoundsBootcamp.swift in Sources */ = {isa = PBXBuildFile; fileRef = 0498360B27CA509800E69349 /* SoundsBootcamp.swift */; };
		0498361027CA562D00E69349 /* badam.mp3 in Resources */ = {isa = PBXBuildFile; fileRef = 0498360E27CA562C00E69349 /* badam.mp3 */; };
		0498361127CA562D00E69349 /* tada.mp3 in Resources */ = {isa = PBXBuildFile; fileRef = 0498360F27CA562C00E69349 /* tada.mp3 */; };
		04A4422927C79CDB00D28469 /* RotationGestureBootcamp.swift in Sources */ = {isa = PBXBuildFile; fileRef = 04A4422827C79CDB00D28469 /* RotationGestureBootcamp.swift */; };
		04A4422B27C79ED200D28469 /* DragGestureBootcamp.swift in Sources */ = {isa = PBXBuildFile; fileRef = 04A4422A27C79ED200D28469 /* DragGestureBootcamp.swift */; };
		04A4422D27C7A66800D28469 /* DragGestureBootcamp2.swift in Sources */ = {isa = PBXBuildFile; fileRef = 04A4422C27C7A66800D28469 /* DragGestureBootcamp2.swift */; };
		04CC251327BCE2B000C963F7 /* ActionSheetBootcamp.swift in Sources */ = {isa = PBXBuildFile; fileRef = 04CC251227BCE2B000C963F7 /* ActionSheetBootcamp.swift */; };
		04CC251527BCE77200C963F7 /* ContextMenuBootcamp.swift in Sources */ = {isa = PBXBuildFile; fileRef = 04CC251427BCE77200C963F7 /* ContextMenuBootcamp.swift */; };
		04CC251727BCF0FF00C963F7 /* ColorPickerBootcamp.swift in Sources */ = {isa = PBXBuildFile; fileRef = 04CC251627BCF0FF00C963F7 /* ColorPickerBootcamp.swift */; };
		04CC251927BCF8ED00C963F7 /* KeyboardBootcamp.swift in Sources */ = {isa = PBXBuildFile; fileRef = 04CC251827BCF8ED00C963F7 /* KeyboardBootcamp.swift */; };
		04CC251B27BD143000C963F7 /* FocusStateBootcamp.swift in Sources */ = {isa = PBXBuildFile; fileRef = 04CC251A27BD143000C963F7 /* FocusStateBootcamp.swift */; };
		04CC251D27BD275600C963F7 /* ListSwipeActionBootcamp.swift in Sources */ = {isa = PBXBuildFile; fileRef = 04CC251C27BD275600C963F7 /* ListSwipeActionBootcamp.swift */; };
		04CC251F27BD2DB500C963F7 /* AsyncImgBootcamp.swift in Sources */ = {isa = PBXBuildFile; fileRef = 04CC251E27BD2DB500C963F7 /* AsyncImgBootcamp.swift */; };
		04CC252127BD365500C963F7 /* ViewModelBootcamp.swift in Sources */ = {isa = PBXBuildFile; fileRef = 04CC252027BD365500C963F7 /* ViewModelBootcamp.swift */; };
		04EF681727B161C50026C1C4 /* SwiftUI_ConceptsApp.swift in Sources */ = {isa = PBXBuildFile; fileRef = 04EF681627B161C50026C1C4 /* SwiftUI_ConceptsApp.swift */; };
		04EF681927B161C50026C1C4 /* ContentView.swift in Sources */ = {isa = PBXBuildFile; fileRef = 04EF681827B161C50026C1C4 /* ContentView.swift */; };
		04EF681B27B161C80026C1C4 /* Assets.xcassets in Resources */ = {isa = PBXBuildFile; fileRef = 04EF681A27B161C80026C1C4 /* Assets.xcassets */; };
		04EF681E27B161C80026C1C4 /* Preview Assets.xcassets in Resources */ = {isa = PBXBuildFile; fileRef = 04EF681D27B161C80026C1C4 /* Preview Assets.xcassets */; };
		04EF682D27B16DE80026C1C4 /* TextBootcamp.swift in Sources */ = {isa = PBXBuildFile; fileRef = 04EF682C27B16DE80026C1C4 /* TextBootcamp.swift */; };
		04F5D35127B92927003DB2C3 /* ForEachBootcamp.swift in Sources */ = {isa = PBXBuildFile; fileRef = 04F5D35027B92927003DB2C3 /* ForEachBootcamp.swift */; };
		04F5D35327B92C79003DB2C3 /* ScrollViewBootcamp.swift in Sources */ = {isa = PBXBuildFile; fileRef = 04F5D35227B92C79003DB2C3 /* ScrollViewBootcamp.swift */; };
		04F5D35527B92EAE003DB2C3 /* GridBootcamp.swift in Sources */ = {isa = PBXBuildFile; fileRef = 04F5D35427B92EAE003DB2C3 /* GridBootcamp.swift */; };
		04F5D35727BA2F7F003DB2C3 /* AnimationBootcamp.swift in Sources */ = {isa = PBXBuildFile; fileRef = 04F5D35627BA2F7F003DB2C3 /* AnimationBootcamp.swift */; };
		04F5D35927BA3305003DB2C3 /* AnimationTimingBootcamp.swift in Sources */ = {isa = PBXBuildFile; fileRef = 04F5D35827BA3305003DB2C3 /* AnimationTimingBootcamp.swift */; };
		04F5D35B27BA3B1E003DB2C3 /* TransitionBootcamp.swift in Sources */ = {isa = PBXBuildFile; fileRef = 04F5D35A27BA3B1E003DB2C3 /* TransitionBootcamp.swift */; };
		04F5D35D27BA6F4B003DB2C3 /* PopoverBootcamp.swift in Sources */ = {isa = PBXBuildFile; fileRef = 04F5D35C27BA6F4B003DB2C3 /* PopoverBootcamp.swift */; };
		04F5D35F27BA7A0F003DB2C3 /* ListBootcamp.swift in Sources */ = {isa = PBXBuildFile; fileRef = 04F5D35E27BA7A0F003DB2C3 /* ListBootcamp.swift */; };
/* End PBXBuildFile section */

/* Begin PBXFileReference section */
		0410BFEF27B3CC4A00D6E33B /* StacksBootcamp.swift */ = {isa = PBXFileReference; lastKnownFileType = sourcecode.swift; path = StacksBootcamp.swift; sourceTree = "<group>"; };
		0410BFF127B3D75D00D6E33B /* InitializerBootcamp.swift */ = {isa = PBXFileReference; lastKnownFileType = sourcecode.swift; path = InitializerBootcamp.swift; sourceTree = "<group>"; };
		04213ED227B272D3005706B3 /* ShapesBootcamp.swift */ = {isa = PBXFileReference; lastKnownFileType = sourcecode.swift; path = ShapesBootcamp.swift; sourceTree = "<group>"; };
		04213ED427B275AF005706B3 /* ColorsBootcamp.swift */ = {isa = PBXFileReference; lastKnownFileType = sourcecode.swift; path = ColorsBootcamp.swift; sourceTree = "<group>"; };
		04213ED627B27A63005706B3 /* GradientsBootcamp.swift */ = {isa = PBXFileReference; lastKnownFileType = sourcecode.swift; path = GradientsBootcamp.swift; sourceTree = "<group>"; };
		04213ED827B28016005706B3 /* IconsBootcamp.swift */ = {isa = PBXFileReference; lastKnownFileType = sourcecode.swift; path = IconsBootcamp.swift; sourceTree = "<group>"; };
		04213EDA27B281D8005706B3 /* ImageBootcamp.swift */ = {isa = PBXFileReference; lastKnownFileType = sourcecode.swift; path = ImageBootcamp.swift; sourceTree = "<group>"; };
		04213EDC27B284ED005706B3 /* Background&OverlayBootcamps.swift */ = {isa = PBXFileReference; lastKnownFileType = sourcecode.swift; path = "Background&OverlayBootcamps.swift"; sourceTree = "<group>"; };
		0436380E27BE629F00677BB8 /* EnvironmentObjectBootcamp.swift */ = {isa = PBXFileReference; lastKnownFileType = sourcecode.swift; path = EnvironmentObjectBootcamp.swift; sourceTree = "<group>"; };
		0436381027BE6F5200677BB8 /* AppStorageBootcamp.swift */ = {isa = PBXFileReference; lastKnownFileType = sourcecode.swift; path = AppStorageBootcamp.swift; sourceTree = "<group>"; };
		0436381327BE862D00677BB8 /* IntroView.swift */ = {isa = PBXFileReference; lastKnownFileType = sourcecode.swift; path = IntroView.swift; sourceTree = "<group>"; };
		0436381527BE87BA00677BB8 /* OnboardingView.swift */ = {isa = PBXFileReference; lastKnownFileType = sourcecode.swift; path = OnboardingView.swift; sourceTree = "<group>"; };
		0436381727BE87C200677BB8 /* ProfileView.swift */ = {isa = PBXFileReference; lastKnownFileType = sourcecode.swift; path = ProfileView.swift; sourceTree = "<group>"; };
		043ED94327C4EAF900F0855F /* LongPressGestureBootcamp.swift */ = {isa = PBXFileReference; lastKnownFileType = sourcecode.swift; path = LongPressGestureBootcamp.swift; sourceTree = "<group>"; };
		043ED94527C4F5CA00F0855F /* MagnificationGestureBootcamp.swift */ = {isa = PBXFileReference; lastKnownFileType = sourcecode.swift; path = MagnificationGestureBootcamp.swift; sourceTree = "<group>"; };
		0498360327CA2F3E00E69349 /* ScrollViewReaderBootcamp.swift */ = {isa = PBXFileReference; lastKnownFileType = sourcecode.swift; path = ScrollViewReaderBootcamp.swift; sourceTree = "<group>"; };
		0498360527CA353800E69349 /* GeometryReaderBootcamp.swift */ = {isa = PBXFileReference; lastKnownFileType = sourcecode.swift; path = GeometryReaderBootcamp.swift; sourceTree = "<group>"; };
		0498360727CA411E00E69349 /* MultipleSheetsBootcamp.swift */ = {isa = PBXFileReference; lastKnownFileType = sourcecode.swift; path = MultipleSheetsBootcamp.swift; sourceTree = "<group>"; };
		0498360927CA4A1F00E69349 /* maskBootcamp.swift */ = {isa = PBXFileReference; lastKnownFileType = sourcecode.swift; path = maskBootcamp.swift; sourceTree = "<group>"; };
		0498360B27CA509800E69349 /* SoundsBootcamp.swift */ = {isa = PBXFileReference; lastKnownFileType = sourcecode.swift; path = SoundsBootcamp.swift; sourceTree = "<group>"; };
		0498360E27CA562C00E69349 /* badam.mp3 */ = {isa = PBXFileReference; lastKnownFileType = audio.mp3; path = badam.mp3; sourceTree = "<group>"; };
		0498360F27CA562C00E69349 /* tada.mp3 */ = {isa = PBXFileReference; lastKnownFileType = audio.mp3; path = tada.mp3; sourceTree = "<group>"; };
		04A4422827C79CDB00D28469 /* RotationGestureBootcamp.swift */ = {isa = PBXFileReference; lastKnownFileType = sourcecode.swift; path = RotationGestureBootcamp.swift; sourceTree = "<group>"; };
		04A4422A27C79ED200D28469 /* DragGestureBootcamp.swift */ = {isa = PBXFileReference; lastKnownFileType = sourcecode.swift; path = DragGestureBootcamp.swift; sourceTree = "<group>"; };
		04A4422C27C7A66800D28469 /* DragGestureBootcamp2.swift */ = {isa = PBXFileReference; lastKnownFileType = sourcecode.swift; path = DragGestureBootcamp2.swift; sourceTree = "<group>"; };
		04CC251227BCE2B000C963F7 /* ActionSheetBootcamp.swift */ = {isa = PBXFileReference; lastKnownFileType = sourcecode.swift; path = ActionSheetBootcamp.swift; sourceTree = "<group>"; };
		04CC251427BCE77200C963F7 /* ContextMenuBootcamp.swift */ = {isa = PBXFileReference; lastKnownFileType = sourcecode.swift; path = ContextMenuBootcamp.swift; sourceTree = "<group>"; };
		04CC251627BCF0FF00C963F7 /* ColorPickerBootcamp.swift */ = {isa = PBXFileReference; lastKnownFileType = sourcecode.swift; path = ColorPickerBootcamp.swift; sourceTree = "<group>"; };
		04CC251827BCF8ED00C963F7 /* KeyboardBootcamp.swift */ = {isa = PBXFileReference; lastKnownFileType = sourcecode.swift; path = KeyboardBootcamp.swift; sourceTree = "<group>"; };
		04CC251A27BD143000C963F7 /* FocusStateBootcamp.swift */ = {isa = PBXFileReference; lastKnownFileType = sourcecode.swift; path = FocusStateBootcamp.swift; sourceTree = "<group>"; };
		04CC251C27BD275600C963F7 /* ListSwipeActionBootcamp.swift */ = {isa = PBXFileReference; lastKnownFileType = sourcecode.swift; path = ListSwipeActionBootcamp.swift; sourceTree = "<group>"; };
		04CC251E27BD2DB500C963F7 /* AsyncImgBootcamp.swift */ = {isa = PBXFileReference; lastKnownFileType = sourcecode.swift; path = AsyncImgBootcamp.swift; sourceTree = "<group>"; };
		04CC252027BD365500C963F7 /* ViewModelBootcamp.swift */ = {isa = PBXFileReference; lastKnownFileType = sourcecode.swift; path = ViewModelBootcamp.swift; sourceTree = "<group>"; };
		04EF681327B161C50026C1C4 /* SwiftUI_Concepts.app */ = {isa = PBXFileReference; explicitFileType = wrapper.application; includeInIndex = 0; path = SwiftUI_Concepts.app; sourceTree = BUILT_PRODUCTS_DIR; };
		04EF681627B161C50026C1C4 /* SwiftUI_ConceptsApp.swift */ = {isa = PBXFileReference; lastKnownFileType = sourcecode.swift; path = SwiftUI_ConceptsApp.swift; sourceTree = "<group>"; };
		04EF681827B161C50026C1C4 /* ContentView.swift */ = {isa = PBXFileReference; lastKnownFileType = sourcecode.swift; path = ContentView.swift; sourceTree = "<group>"; };
		04EF681A27B161C80026C1C4 /* Assets.xcassets */ = {isa = PBXFileReference; lastKnownFileType = folder.assetcatalog; path = Assets.xcassets; sourceTree = "<group>"; };
		04EF681D27B161C80026C1C4 /* Preview Assets.xcassets */ = {isa = PBXFileReference; lastKnownFileType = folder.assetcatalog; path = "Preview Assets.xcassets"; sourceTree = "<group>"; };
		04EF682C27B16DE80026C1C4 /* TextBootcamp.swift */ = {isa = PBXFileReference; lastKnownFileType = sourcecode.swift; path = TextBootcamp.swift; sourceTree = "<group>"; };
		04F5D35027B92927003DB2C3 /* ForEachBootcamp.swift */ = {isa = PBXFileReference; lastKnownFileType = sourcecode.swift; path = ForEachBootcamp.swift; sourceTree = "<group>"; };
		04F5D35227B92C79003DB2C3 /* ScrollViewBootcamp.swift */ = {isa = PBXFileReference; lastKnownFileType = sourcecode.swift; path = ScrollViewBootcamp.swift; sourceTree = "<group>"; };
		04F5D35427B92EAE003DB2C3 /* GridBootcamp.swift */ = {isa = PBXFileReference; lastKnownFileType = sourcecode.swift; path = GridBootcamp.swift; sourceTree = "<group>"; };
		04F5D35627BA2F7F003DB2C3 /* AnimationBootcamp.swift */ = {isa = PBXFileReference; lastKnownFileType = sourcecode.swift; path = AnimationBootcamp.swift; sourceTree = "<group>"; };
		04F5D35827BA3305003DB2C3 /* AnimationTimingBootcamp.swift */ = {isa = PBXFileReference; lastKnownFileType = sourcecode.swift; path = AnimationTimingBootcamp.swift; sourceTree = "<group>"; };
		04F5D35A27BA3B1E003DB2C3 /* TransitionBootcamp.swift */ = {isa = PBXFileReference; lastKnownFileType = sourcecode.swift; path = TransitionBootcamp.swift; sourceTree = "<group>"; };
		04F5D35C27BA6F4B003DB2C3 /* PopoverBootcamp.swift */ = {isa = PBXFileReference; lastKnownFileType = sourcecode.swift; path = PopoverBootcamp.swift; sourceTree = "<group>"; };
		04F5D35E27BA7A0F003DB2C3 /* ListBootcamp.swift */ = {isa = PBXFileReference; lastKnownFileType = sourcecode.swift; path = ListBootcamp.swift; sourceTree = "<group>"; };
/* End PBXFileReference section */

/* Begin PBXFrameworksBuildPhase section */
		04EF681027B161C50026C1C4 /* Frameworks */ = {
			isa = PBXFrameworksBuildPhase;
			buildActionMask = 2147483647;
			files = (
			);
			runOnlyForDeploymentPostprocessing = 0;
		};
/* End PBXFrameworksBuildPhase section */

/* Begin PBXGroup section */
		0436381227BE859500677BB8 /* OnboardingViews */ = {
			isa = PBXGroup;
			children = (
				0436381327BE862D00677BB8 /* IntroView.swift */,
				0436381527BE87BA00677BB8 /* OnboardingView.swift */,
				0436381727BE87C200677BB8 /* ProfileView.swift */,
			);
			path = OnboardingViews;
			sourceTree = "<group>";
		};
		0498360D27CA55FF00E69349 /* Sounds */ = {
			isa = PBXGroup;
			children = (
				0498360E27CA562C00E69349 /* badam.mp3 */,
				0498360F27CA562C00E69349 /* tada.mp3 */,
			);
			path = Sounds;
			sourceTree = "<group>";
		};
		04EF680A27B161C50026C1C4 = {
			isa = PBXGroup;
			children = (
				04EF681527B161C50026C1C4 /* SwiftUI_Concepts */,
				04EF681427B161C50026C1C4 /* Products */,
			);
			sourceTree = "<group>";
		};
		04EF681427B161C50026C1C4 /* Products */ = {
			isa = PBXGroup;
			children = (
				04EF681327B161C50026C1C4 /* SwiftUI_Concepts.app */,
			);
			name = Products;
			sourceTree = "<group>";
		};
		04EF681527B161C50026C1C4 /* SwiftUI_Concepts */ = {
			isa = PBXGroup;
			children = (
				04EF682B27B1621E0026C1C4 /* SwiftUI_Advance */,
				04EF682A27B162060026C1C4 /* SwiftUI_Intermidiate */,
				04EF682927B161F30026C1C4 /* SwiftUI_Basics */,
				04EF681627B161C50026C1C4 /* SwiftUI_ConceptsApp.swift */,
				04EF681827B161C50026C1C4 /* ContentView.swift */,
				04EF681A27B161C80026C1C4 /* Assets.xcassets */,
				04EF681C27B161C80026C1C4 /* Preview Content */,
			);
			path = SwiftUI_Concepts;
			sourceTree = "<group>";
		};
		04EF681C27B161C80026C1C4 /* Preview Content */ = {
			isa = PBXGroup;
			children = (
				04EF681D27B161C80026C1C4 /* Preview Assets.xcassets */,
			);
			path = "Preview Content";
			sourceTree = "<group>";
		};
		04EF682927B161F30026C1C4 /* SwiftUI_Basics */ = {
			isa = PBXGroup;
			children = (
				0436381227BE859500677BB8 /* OnboardingViews */,
				04EF682C27B16DE80026C1C4 /* TextBootcamp.swift */,
				04213ED227B272D3005706B3 /* ShapesBootcamp.swift */,
				04213ED427B275AF005706B3 /* ColorsBootcamp.swift */,
				04213ED627B27A63005706B3 /* GradientsBootcamp.swift */,
				04213ED827B28016005706B3 /* IconsBootcamp.swift */,
				04213EDA27B281D8005706B3 /* ImageBootcamp.swift */,
				04213EDC27B284ED005706B3 /* Background&OverlayBootcamps.swift */,
				0410BFEF27B3CC4A00D6E33B /* StacksBootcamp.swift */,
				0410BFF127B3D75D00D6E33B /* InitializerBootcamp.swift */,
				04F5D35027B92927003DB2C3 /* ForEachBootcamp.swift */,
				04F5D35227B92C79003DB2C3 /* ScrollViewBootcamp.swift */,
				04F5D35427B92EAE003DB2C3 /* GridBootcamp.swift */,
				04F5D35627BA2F7F003DB2C3 /* AnimationBootcamp.swift */,
				04F5D35827BA3305003DB2C3 /* AnimationTimingBootcamp.swift */,
				04F5D35A27BA3B1E003DB2C3 /* TransitionBootcamp.swift */,
				04F5D35C27BA6F4B003DB2C3 /* PopoverBootcamp.swift */,
				04F5D35E27BA7A0F003DB2C3 /* ListBootcamp.swift */,
				04CC251227BCE2B000C963F7 /* ActionSheetBootcamp.swift */,
				04CC251427BCE77200C963F7 /* ContextMenuBootcamp.swift */,
				04CC251627BCF0FF00C963F7 /* ColorPickerBootcamp.swift */,
				04CC251827BCF8ED00C963F7 /* KeyboardBootcamp.swift */,
				04CC251A27BD143000C963F7 /* FocusStateBootcamp.swift */,
				04CC251C27BD275600C963F7 /* ListSwipeActionBootcamp.swift */,
				04CC251E27BD2DB500C963F7 /* AsyncImgBootcamp.swift */,
				04CC252027BD365500C963F7 /* ViewModelBootcamp.swift */,
				0436380E27BE629F00677BB8 /* EnvironmentObjectBootcamp.swift */,
				0436381027BE6F5200677BB8 /* AppStorageBootcamp.swift */,
			);
			path = SwiftUI_Basics;
			sourceTree = "<group>";
		};
		04EF682A27B162060026C1C4 /* SwiftUI_Intermidiate */ = {
			isa = PBXGroup;
			children = (
				043ED94327C4EAF900F0855F /* LongPressGestureBootcamp.swift */,
				043ED94527C4F5CA00F0855F /* MagnificationGestureBootcamp.swift */,
				04A4422827C79CDB00D28469 /* RotationGestureBootcamp.swift */,
				04A4422A27C79ED200D28469 /* DragGestureBootcamp.swift */,
				04A4422C27C7A66800D28469 /* DragGestureBootcamp2.swift */,
				0498360327CA2F3E00E69349 /* ScrollViewReaderBootcamp.swift */,
				0498360527CA353800E69349 /* GeometryReaderBootcamp.swift */,
				0498360727CA411E00E69349 /* MultipleSheetsBootcamp.swift */,
				0498360927CA4A1F00E69349 /* maskBootcamp.swift */,
				0498360B27CA509800E69349 /* SoundsBootcamp.swift */,
				0498360D27CA55FF00E69349 /* Sounds */,
			);
			path = SwiftUI_Intermidiate;
			sourceTree = "<group>";
		};
		04EF682B27B1621E0026C1C4 /* SwiftUI_Advance */ = {
			isa = PBXGroup;
			children = (
			);
			path = SwiftUI_Advance;
			sourceTree = "<group>";
		};
/* End PBXGroup section */

/* Begin PBXNativeTarget section */
		04EF681227B161C50026C1C4 /* SwiftUI_Concepts */ = {
			isa = PBXNativeTarget;
			buildConfigurationList = 04EF682627B161C80026C1C4 /* Build configuration list for PBXNativeTarget "SwiftUI_Concepts" */;
			buildPhases = (
				04EF680F27B161C50026C1C4 /* Sources */,
				04EF681027B161C50026C1C4 /* Frameworks */,
				04EF681127B161C50026C1C4 /* Resources */,
			);
			buildRules = (
			);
			dependencies = (
			);
			name = SwiftUI_Concepts;
			productName = SwiftUI_Concepts;
			productReference = 04EF681327B161C50026C1C4 /* SwiftUI_Concepts.app */;
			productType = "com.apple.product-type.application";
		};
/* End PBXNativeTarget section */

/* Begin PBXProject section */
		04EF680B27B161C50026C1C4 /* Project object */ = {
			isa = PBXProject;
			attributes = {
				BuildIndependentTargetsInParallel = 1;
				LastSwiftUpdateCheck = 1300;
				LastUpgradeCheck = 1300;
				TargetAttributes = {
					04EF681227B161C50026C1C4 = {
						CreatedOnToolsVersion = 13.0;
					};
				};
			};
			buildConfigurationList = 04EF680E27B161C50026C1C4 /* Build configuration list for PBXProject "SwiftUI_Concepts" */;
			compatibilityVersion = "Xcode 13.0";
			developmentRegion = en;
			hasScannedForEncodings = 0;
			knownRegions = (
				en,
				Base,
			);
			mainGroup = 04EF680A27B161C50026C1C4;
			productRefGroup = 04EF681427B161C50026C1C4 /* Products */;
			projectDirPath = "";
			projectRoot = "";
			targets = (
				04EF681227B161C50026C1C4 /* SwiftUI_Concepts */,
			);
		};
/* End PBXProject section */

/* Begin PBXResourcesBuildPhase section */
		04EF681127B161C50026C1C4 /* Resources */ = {
			isa = PBXResourcesBuildPhase;
			buildActionMask = 2147483647;
			files = (
				0498361127CA562D00E69349 /* tada.mp3 in Resources */,
				0498361027CA562D00E69349 /* badam.mp3 in Resources */,
				04EF681E27B161C80026C1C4 /* Preview Assets.xcassets in Resources */,
				04EF681B27B161C80026C1C4 /* Assets.xcassets in Resources */,
			);
			runOnlyForDeploymentPostprocessing = 0;
		};
/* End PBXResourcesBuildPhase section */

/* Begin PBXSourcesBuildPhase section */
		04EF680F27B161C50026C1C4 /* Sources */ = {
			isa = PBXSourcesBuildPhase;
			buildActionMask = 2147483647;
			files = (
				04CC251327BCE2B000C963F7 /* ActionSheetBootcamp.swift in Sources */,
				04213EDB27B281D8005706B3 /* ImageBootcamp.swift in Sources */,
				043ED94627C4F5CB00F0855F /* MagnificationGestureBootcamp.swift in Sources */,
				04213ED727B27A63005706B3 /* GradientsBootcamp.swift in Sources */,
				0498360827CA411E00E69349 /* MultipleSheetsBootcamp.swift in Sources */,
				04EF682D27B16DE80026C1C4 /* TextBootcamp.swift in Sources */,
				04CC251F27BD2DB500C963F7 /* AsyncImgBootcamp.swift in Sources */,
				04213ED527B275AF005706B3 /* ColorsBootcamp.swift in Sources */,
				0498360A27CA4A1F00E69349 /* maskBootcamp.swift in Sources */,
				04CC252127BD365500C963F7 /* ViewModelBootcamp.swift in Sources */,
				04EF681927B161C50026C1C4 /* ContentView.swift in Sources */,
				043ED94427C4EAF900F0855F /* LongPressGestureBootcamp.swift in Sources */,
				04213EDD27B284ED005706B3 /* Background&OverlayBootcamps.swift in Sources */,
				0410BFF227B3D75D00D6E33B /* InitializerBootcamp.swift in Sources */,
				0436381127BE6F5200677BB8 /* AppStorageBootcamp.swift in Sources */,
				04A4422D27C7A66800D28469 /* DragGestureBootcamp2.swift in Sources */,
				04F5D35527B92EAE003DB2C3 /* GridBootcamp.swift in Sources */,
				04CC251527BCE77200C963F7 /* ContextMenuBootcamp.swift in Sources */,
				04213ED927B28016005706B3 /* IconsBootcamp.swift in Sources */,
				04F5D35B27BA3B1E003DB2C3 /* TransitionBootcamp.swift in Sources */,
				0436381427BE862D00677BB8 /* IntroView.swift in Sources */,
				04A4422B27C79ED200D28469 /* DragGestureBootcamp.swift in Sources */,
				04CC251727BCF0FF00C963F7 /* ColorPickerBootcamp.swift in Sources */,
				04A4422927C79CDB00D28469 /* RotationGestureBootcamp.swift in Sources */,
				0498360C27CA509800E69349 /* SoundsBootcamp.swift in Sources */,
				04CC251D27BD275600C963F7 /* ListSwipeActionBootcamp.swift in Sources */,
				04F5D35D27BA6F4B003DB2C3 /* PopoverBootcamp.swift in Sources */,
				0498360627CA353800E69349 /* GeometryReaderBootcamp.swift in Sources */,
				0436381627BE87BA00677BB8 /* OnboardingView.swift in Sources */,
				0498360427CA2F3E00E69349 /* ScrollViewReaderBootcamp.swift in Sources */,
				0410BFF027B3CC4A00D6E33B /* StacksBootcamp.swift in Sources */,
				04F5D35127B92927003DB2C3 /* ForEachBootcamp.swift in Sources */,
				04F5D35927BA3305003DB2C3 /* AnimationTimingBootcamp.swift in Sources */,
				04F5D35727BA2F7F003DB2C3 /* AnimationBootcamp.swift in Sources */,
				0436381827BE87C200677BB8 /* ProfileView.swift in Sources */,
				04F5D35F27BA7A0F003DB2C3 /* ListBootcamp.swift in Sources */,
				04CC251B27BD143000C963F7 /* FocusStateBootcamp.swift in Sources */,
				04F5D35327B92C79003DB2C3 /* ScrollViewBootcamp.swift in Sources */,
				04CC251927BCF8ED00C963F7 /* KeyboardBootcamp.swift in Sources */,
				04213ED327B272D3005706B3 /* ShapesBootcamp.swift in Sources */,
				04EF681727B161C50026C1C4 /* SwiftUI_ConceptsApp.swift in Sources */,
				0436380F27BE629F00677BB8 /* EnvironmentObjectBootcamp.swift in Sources */,
			);
			runOnlyForDeploymentPostprocessing = 0;
		};
/* End PBXSourcesBuildPhase section */

/* Begin XCBuildConfiguration section */
		04EF682427B161C80026C1C4 /* Debug */ = {
			isa = XCBuildConfiguration;
			buildSettings = {
				ALWAYS_SEARCH_USER_PATHS = NO;
				CLANG_ANALYZER_NONNULL = YES;
				CLANG_ANALYZER_NUMBER_OBJECT_CONVERSION = YES_AGGRESSIVE;
				CLANG_CXX_LANGUAGE_STANDARD = "gnu++17";
				CLANG_CXX_LIBRARY = "libc++";
				CLANG_ENABLE_MODULES = YES;
				CLANG_ENABLE_OBJC_ARC = YES;
				CLANG_ENABLE_OBJC_WEAK = YES;
				CLANG_WARN_BLOCK_CAPTURE_AUTORELEASING = YES;
				CLANG_WARN_BOOL_CONVERSION = YES;
				CLANG_WARN_COMMA = YES;
				CLANG_WARN_CONSTANT_CONVERSION = YES;
				CLANG_WARN_DEPRECATED_OBJC_IMPLEMENTATIONS = YES;
				CLANG_WARN_DIRECT_OBJC_ISA_USAGE = YES_ERROR;
				CLANG_WARN_DOCUMENTATION_COMMENTS = YES;
				CLANG_WARN_EMPTY_BODY = YES;
				CLANG_WARN_ENUM_CONVERSION = YES;
				CLANG_WARN_INFINITE_RECURSION = YES;
				CLANG_WARN_INT_CONVERSION = YES;
				CLANG_WARN_NON_LITERAL_NULL_CONVERSION = YES;
				CLANG_WARN_OBJC_IMPLICIT_RETAIN_SELF = YES;
				CLANG_WARN_OBJC_LITERAL_CONVERSION = YES;
				CLANG_WARN_OBJC_ROOT_CLASS = YES_ERROR;
				CLANG_WARN_QUOTED_INCLUDE_IN_FRAMEWORK_HEADER = YES;
				CLANG_WARN_RANGE_LOOP_ANALYSIS = YES;
				CLANG_WARN_STRICT_PROTOTYPES = YES;
				CLANG_WARN_SUSPICIOUS_MOVE = YES;
				CLANG_WARN_UNGUARDED_AVAILABILITY = YES_AGGRESSIVE;
				CLANG_WARN_UNREACHABLE_CODE = YES;
				CLANG_WARN__DUPLICATE_METHOD_MATCH = YES;
				COPY_PHASE_STRIP = NO;
				DEBUG_INFORMATION_FORMAT = dwarf;
				ENABLE_STRICT_OBJC_MSGSEND = YES;
				ENABLE_TESTABILITY = YES;
				GCC_C_LANGUAGE_STANDARD = gnu11;
				GCC_DYNAMIC_NO_PIC = NO;
				GCC_NO_COMMON_BLOCKS = YES;
				GCC_OPTIMIZATION_LEVEL = 0;
				GCC_PREPROCESSOR_DEFINITIONS = (
					"DEBUG=1",
					"$(inherited)",
				);
				GCC_WARN_64_TO_32_BIT_CONVERSION = YES;
				GCC_WARN_ABOUT_RETURN_TYPE = YES_ERROR;
				GCC_WARN_UNDECLARED_SELECTOR = YES;
				GCC_WARN_UNINITIALIZED_AUTOS = YES_AGGRESSIVE;
				GCC_WARN_UNUSED_FUNCTION = YES;
				GCC_WARN_UNUSED_VARIABLE = YES;
				IPHONEOS_DEPLOYMENT_TARGET = 15.0;
				MTL_ENABLE_DEBUG_INFO = INCLUDE_SOURCE;
				MTL_FAST_MATH = YES;
				ONLY_ACTIVE_ARCH = YES;
				SDKROOT = iphoneos;
				SWIFT_ACTIVE_COMPILATION_CONDITIONS = DEBUG;
				SWIFT_OPTIMIZATION_LEVEL = "-Onone";
			};
			name = Debug;
		};
		04EF682527B161C80026C1C4 /* Release */ = {
			isa = XCBuildConfiguration;
			buildSettings = {
				ALWAYS_SEARCH_USER_PATHS = NO;
				CLANG_ANALYZER_NONNULL = YES;
				CLANG_ANALYZER_NUMBER_OBJECT_CONVERSION = YES_AGGRESSIVE;
				CLANG_CXX_LANGUAGE_STANDARD = "gnu++17";
				CLANG_CXX_LIBRARY = "libc++";
				CLANG_ENABLE_MODULES = YES;
				CLANG_ENABLE_OBJC_ARC = YES;
				CLANG_ENABLE_OBJC_WEAK = YES;
				CLANG_WARN_BLOCK_CAPTURE_AUTORELEASING = YES;
				CLANG_WARN_BOOL_CONVERSION = YES;
				CLANG_WARN_COMMA = YES;
				CLANG_WARN_CONSTANT_CONVERSION = YES;
				CLANG_WARN_DEPRECATED_OBJC_IMPLEMENTATIONS = YES;
				CLANG_WARN_DIRECT_OBJC_ISA_USAGE = YES_ERROR;
				CLANG_WARN_DOCUMENTATION_COMMENTS = YES;
				CLANG_WARN_EMPTY_BODY = YES;
				CLANG_WARN_ENUM_CONVERSION = YES;
				CLANG_WARN_INFINITE_RECURSION = YES;
				CLANG_WARN_INT_CONVERSION = YES;
				CLANG_WARN_NON_LITERAL_NULL_CONVERSION = YES;
				CLANG_WARN_OBJC_IMPLICIT_RETAIN_SELF = YES;
				CLANG_WARN_OBJC_LITERAL_CONVERSION = YES;
				CLANG_WARN_OBJC_ROOT_CLASS = YES_ERROR;
				CLANG_WARN_QUOTED_INCLUDE_IN_FRAMEWORK_HEADER = YES;
				CLANG_WARN_RANGE_LOOP_ANALYSIS = YES;
				CLANG_WARN_STRICT_PROTOTYPES = YES;
				CLANG_WARN_SUSPICIOUS_MOVE = YES;
				CLANG_WARN_UNGUARDED_AVAILABILITY = YES_AGGRESSIVE;
				CLANG_WARN_UNREACHABLE_CODE = YES;
				CLANG_WARN__DUPLICATE_METHOD_MATCH = YES;
				COPY_PHASE_STRIP = NO;
				DEBUG_INFORMATION_FORMAT = "dwarf-with-dsym";
				ENABLE_NS_ASSERTIONS = NO;
				ENABLE_STRICT_OBJC_MSGSEND = YES;
				GCC_C_LANGUAGE_STANDARD = gnu11;
				GCC_NO_COMMON_BLOCKS = YES;
				GCC_WARN_64_TO_32_BIT_CONVERSION = YES;
				GCC_WARN_ABOUT_RETURN_TYPE = YES_ERROR;
				GCC_WARN_UNDECLARED_SELECTOR = YES;
				GCC_WARN_UNINITIALIZED_AUTOS = YES_AGGRESSIVE;
				GCC_WARN_UNUSED_FUNCTION = YES;
				GCC_WARN_UNUSED_VARIABLE = YES;
				IPHONEOS_DEPLOYMENT_TARGET = 15.0;
				MTL_ENABLE_DEBUG_INFO = NO;
				MTL_FAST_MATH = YES;
				SDKROOT = iphoneos;
				SWIFT_COMPILATION_MODE = wholemodule;
				SWIFT_OPTIMIZATION_LEVEL = "-O";
				VALIDATE_PRODUCT = YES;
			};
			name = Release;
		};
		04EF682727B161C80026C1C4 /* Debug */ = {
			isa = XCBuildConfiguration;
			buildSettings = {
				ASSETCATALOG_COMPILER_APPICON_NAME = AppIcon;
				ASSETCATALOG_COMPILER_GLOBAL_ACCENT_COLOR_NAME = AccentColor;
				CODE_SIGN_STYLE = Automatic;
				CURRENT_PROJECT_VERSION = 1;
				DEVELOPMENT_ASSET_PATHS = "\"SwiftUI_Concepts/Preview Content\"";
				DEVELOPMENT_TEAM = YHZVJQ792Q;
				ENABLE_PREVIEWS = YES;
				GENERATE_INFOPLIST_FILE = YES;
				INFOPLIST_KEY_UIApplicationSceneManifest_Generation = YES;
				INFOPLIST_KEY_UIApplicationSupportsIndirectInputEvents = YES;
				INFOPLIST_KEY_UILaunchScreen_Generation = YES;
				INFOPLIST_KEY_UISupportedInterfaceOrientations_iPad = "UIInterfaceOrientationPortrait UIInterfaceOrientationPortraitUpsideDown UIInterfaceOrientationLandscapeLeft UIInterfaceOrientationLandscapeRight";
				INFOPLIST_KEY_UISupportedInterfaceOrientations_iPhone = "UIInterfaceOrientationPortrait UIInterfaceOrientationLandscapeLeft UIInterfaceOrientationLandscapeRight";
				IPHONEOS_DEPLOYMENT_TARGET = 15.0;
				LD_RUNPATH_SEARCH_PATHS = (
					"$(inherited)",
					"@executable_path/Frameworks",
				);
				MARKETING_VERSION = 1.0;
				PRODUCT_BUNDLE_IDENTIFIER = "com.blacenova.SwiftUI-Concepts";
				PRODUCT_NAME = "$(TARGET_NAME)";
				SWIFT_EMIT_LOC_STRINGS = YES;
				SWIFT_VERSION = 5.0;
				TARGETED_DEVICE_FAMILY = "1,2";
			};
			name = Debug;
		};
		04EF682827B161C80026C1C4 /* Release */ = {
			isa = XCBuildConfiguration;
			buildSettings = {
				ASSETCATALOG_COMPILER_APPICON_NAME = AppIcon;
				ASSETCATALOG_COMPILER_GLOBAL_ACCENT_COLOR_NAME = AccentColor;
				CODE_SIGN_STYLE = Automatic;
				CURRENT_PROJECT_VERSION = 1;
				DEVELOPMENT_ASSET_PATHS = "\"SwiftUI_Concepts/Preview Content\"";
				DEVELOPMENT_TEAM = YHZVJQ792Q;
				ENABLE_PREVIEWS = YES;
				GENERATE_INFOPLIST_FILE = YES;
				INFOPLIST_KEY_UIApplicationSceneManifest_Generation = YES;
				INFOPLIST_KEY_UIApplicationSupportsIndirectInputEvents = YES;
				INFOPLIST_KEY_UILaunchScreen_Generation = YES;
				INFOPLIST_KEY_UISupportedInterfaceOrientations_iPad = "UIInterfaceOrientationPortrait UIInterfaceOrientationPortraitUpsideDown UIInterfaceOrientationLandscapeLeft UIInterfaceOrientationLandscapeRight";
				INFOPLIST_KEY_UISupportedInterfaceOrientations_iPhone = "UIInterfaceOrientationPortrait UIInterfaceOrientationLandscapeLeft UIInterfaceOrientationLandscapeRight";
				IPHONEOS_DEPLOYMENT_TARGET = 15.0;
				LD_RUNPATH_SEARCH_PATHS = (
					"$(inherited)",
					"@executable_path/Frameworks",
				);
				MARKETING_VERSION = 1.0;
				PRODUCT_BUNDLE_IDENTIFIER = "com.blacenova.SwiftUI-Concepts";
				PRODUCT_NAME = "$(TARGET_NAME)";
				SWIFT_EMIT_LOC_STRINGS = YES;
				SWIFT_VERSION = 5.0;
				TARGETED_DEVICE_FAMILY = "1,2";
			};
			name = Release;
		};
/* End XCBuildConfiguration section */

/* Begin XCConfigurationList section */
		04EF680E27B161C50026C1C4 /* Build configuration list for PBXProject "SwiftUI_Concepts" */ = {
			isa = XCConfigurationList;
			buildConfigurations = (
				04EF682427B161C80026C1C4 /* Debug */,
				04EF682527B161C80026C1C4 /* Release */,
			);
			defaultConfigurationIsVisible = 0;
			defaultConfigurationName = Release;
		};
		04EF682627B161C80026C1C4 /* Build configuration list for PBXNativeTarget "SwiftUI_Concepts" */ = {
			isa = XCConfigurationList;
			buildConfigurations = (
				04EF682727B161C80026C1C4 /* Debug */,
				04EF682827B161C80026C1C4 /* Release */,
			);
			defaultConfigurationIsVisible = 0;
			defaultConfigurationName = Release;
		};
/* End XCConfigurationList section */
	};
	rootObject = 04EF680B27B161C50026C1C4 /* Project object */;
}
